// !$*UTF8*$!
{
	archiveVersion = 1;
	classes = {
	};
	objectVersion = 46;
	objects = {

/* Begin PBXBuildFile section */
		F0FA0A671D01F29B006489A9 /* main.m in Sources */ = {isa = PBXBuildFile; fileRef = F0FA0A661D01F29B006489A9 /* main.m */; };
		F0FA0A6A1D01F29B006489A9 /* AppDelegate.m in Sources */ = {isa = PBXBuildFile; fileRef = F0FA0A691D01F29B006489A9 /* AppDelegate.m */; };
		F0FA0A701D01F29B006489A9 /* Main.storyboard in Resources */ = {isa = PBXBuildFile; fileRef = F0FA0A6E1D01F29B006489A9 /* Main.storyboard */; };
		F0FA0A721D01F29B006489A9 /* Assets.xcassets in Resources */ = {isa = PBXBuildFile; fileRef = F0FA0A711D01F29B006489A9 /* Assets.xcassets */; };
		F0FA0A751D01F29B006489A9 /* LaunchScreen.storyboard in Resources */ = {isa = PBXBuildFile; fileRef = F0FA0A731D01F29B006489A9 /* LaunchScreen.storyboard */; };
		F0FA0A7E1D01F73D006489A9 /* CardGameVC.m in Sources */ = {isa = PBXBuildFile; fileRef = F0FA0A7D1D01F73D006489A9 /* CardGameVC.m */; };
		F0FA0A851D020313006489A9 /* Card.m in Sources */ = {isa = PBXBuildFile; fileRef = F0FA0A841D020313006489A9 /* Card.m */; };
		F0FA0A881D0206B5006489A9 /* Deck.m in Sources */ = {isa = PBXBuildFile; fileRef = F0FA0A871D0206B5006489A9 /* Deck.m */; };
		F0FA0A8B1D0208EC006489A9 /* PokerCard.m in Sources */ = {isa = PBXBuildFile; fileRef = F0FA0A8A1D0208EC006489A9 /* PokerCard.m */; };
		F0FA0A8E1D020CB8006489A9 /* PokerDeck.m in Sources */ = {isa = PBXBuildFile; fileRef = F0FA0A8D1D020CB8006489A9 /* PokerDeck.m */; };
/* End PBXBuildFile section */

/* Begin PBXFileReference section */
		F0FA0A621D01F29B006489A9 /* GVTraining02.app */ = {isa = PBXFileReference; explicitFileType = wrapper.application; includeInIndex = 0; path = GVTraining02.app; sourceTree = BUILT_PRODUCTS_DIR; };
		F0FA0A661D01F29B006489A9 /* main.m */ = {isa = PBXFileReference; lastKnownFileType = sourcecode.c.objc; path = main.m; sourceTree = "<group>"; };
		F0FA0A681D01F29B006489A9 /* AppDelegate.h */ = {isa = PBXFileReference; lastKnownFileType = sourcecode.c.h; path = AppDelegate.h; sourceTree = "<group>"; };
		F0FA0A691D01F29B006489A9 /* AppDelegate.m */ = {isa = PBXFileReference; lastKnownFileType = sourcecode.c.objc; path = AppDelegate.m; sourceTree = "<group>"; };
		F0FA0A6F1D01F29B006489A9 /* Base */ = {isa = PBXFileReference; lastKnownFileType = file.storyboard; name = Base; path = Base.lproj/Main.storyboard; sourceTree = "<group>"; };
		F0FA0A711D01F29B006489A9 /* Assets.xcassets */ = {isa = PBXFileReference; lastKnownFileType = folder.assetcatalog; path = Assets.xcassets; sourceTree = "<group>"; };
		F0FA0A741D01F29B006489A9 /* Base */ = {isa = PBXFileReference; lastKnownFileType = file.storyboard; name = Base; path = Base.lproj/LaunchScreen.storyboard; sourceTree = "<group>"; };
		F0FA0A761D01F29B006489A9 /* Info.plist */ = {isa = PBXFileReference; lastKnownFileType = text.plist.xml; path = Info.plist; sourceTree = "<group>"; };
		F0FA0A7C1D01F73D006489A9 /* CardGameVC.h */ = {isa = PBXFileReference; fileEncoding = 4; lastKnownFileType = sourcecode.c.h; path = CardGameVC.h; sourceTree = "<group>"; };
		F0FA0A7D1D01F73D006489A9 /* CardGameVC.m */ = {isa = PBXFileReference; fileEncoding = 4; lastKnownFileType = sourcecode.c.objc; path = CardGameVC.m; sourceTree = "<group>"; };
		F0FA0A831D020313006489A9 /* Card.h */ = {isa = PBXFileReference; fileEncoding = 4; lastKnownFileType = sourcecode.c.h; path = Card.h; sourceTree = "<group>"; };
		F0FA0A841D020313006489A9 /* Card.m */ = {isa = PBXFileReference; fileEncoding = 4; lastKnownFileType = sourcecode.c.objc; path = Card.m; sourceTree = "<group>"; };
		F0FA0A861D0206B5006489A9 /* Deck.h */ = {isa = PBXFileReference; fileEncoding = 4; lastKnownFileType = sourcecode.c.h; path = Deck.h; sourceTree = "<group>"; };
		F0FA0A871D0206B5006489A9 /* Deck.m */ = {isa = PBXFileReference; fileEncoding = 4; lastKnownFileType = sourcecode.c.objc; path = Deck.m; sourceTree = "<group>"; };
		F0FA0A891D0208EC006489A9 /* PokerCard.h */ = {isa = PBXFileReference; fileEncoding = 4; lastKnownFileType = sourcecode.c.h; path = PokerCard.h; sourceTree = "<group>"; };
		F0FA0A8A1D0208EC006489A9 /* PokerCard.m */ = {isa = PBXFileReference; fileEncoding = 4; lastKnownFileType = sourcecode.c.objc; path = PokerCard.m; sourceTree = "<group>"; };
		F0FA0A8C1D020CB8006489A9 /* PokerDeck.h */ = {isa = PBXFileReference; fileEncoding = 4; lastKnownFileType = sourcecode.c.h; path = PokerDeck.h; sourceTree = "<group>"; };
		F0FA0A8D1D020CB8006489A9 /* PokerDeck.m */ = {isa = PBXFileReference; fileEncoding = 4; lastKnownFileType = sourcecode.c.objc; path = PokerDeck.m; sourceTree = "<group>"; };
/* End PBXFileReference section */

/* Begin PBXFrameworksBuildPhase section */
		F0FA0A5F1D01F29B006489A9 /* Frameworks */ = {
			isa = PBXFrameworksBuildPhase;
			buildActionMask = 2147483647;
			files = (
			);
			runOnlyForDeploymentPostprocessing = 0;
		};
/* End PBXFrameworksBuildPhase section */

/* Begin PBXGroup section */
		F0FA0A591D01F29A006489A9 = {
			isa = PBXGroup;
			children = (
				F0FA0A641D01F29B006489A9 /* GVTraining02 */,
				F0FA0A631D01F29B006489A9 /* Products */,
			);
			sourceTree = "<group>";
		};
		F0FA0A631D01F29B006489A9 /* Products */ = {
			isa = PBXGroup;
			children = (
				F0FA0A621D01F29B006489A9 /* GVTraining02.app */,
			);
			name = Products;
			sourceTree = "<group>";
		};
		F0FA0A641D01F29B006489A9 /* GVTraining02 */ = {
			isa = PBXGroup;
			children = (
				F0FA0A821D0202D5006489A9 /* Model */,
				F0FA0A681D01F29B006489A9 /* AppDelegate.h */,
				F0FA0A691D01F29B006489A9 /* AppDelegate.m */,
				F0FA0A7C1D01F73D006489A9 /* CardGameVC.h */,
				F0FA0A7D1D01F73D006489A9 /* CardGameVC.m */,
				F0FA0A6E1D01F29B006489A9 /* Main.storyboard */,
				F0FA0A711D01F29B006489A9 /* Assets.xcassets */,
				F0FA0A731D01F29B006489A9 /* LaunchScreen.storyboard */,
				F0FA0A761D01F29B006489A9 /* Info.plist */,
				F0FA0A651D01F29B006489A9 /* Supporting Files */,
			);
			path = GVTraining02;
			sourceTree = "<group>";
		};
		F0FA0A651D01F29B006489A9 /* Supporting Files */ = {
			isa = PBXGroup;
			children = (
				F0FA0A661D01F29B006489A9 /* main.m */,
			);
			name = "Supporting Files";
			sourceTree = "<group>";
		};
		F0FA0A821D0202D5006489A9 /* Model */ = {
			isa = PBXGroup;
			children = (
				F0FA0A831D020313006489A9 /* Card.h */,
				F0FA0A841D020313006489A9 /* Card.m */,
				F0FA0A861D0206B5006489A9 /* Deck.h */,
				F0FA0A871D0206B5006489A9 /* Deck.m */,
				F0FA0A891D0208EC006489A9 /* PokerCard.h */,
				F0FA0A8A1D0208EC006489A9 /* PokerCard.m */,
				F0FA0A8C1D020CB8006489A9 /* PokerDeck.h */,
				F0FA0A8D1D020CB8006489A9 /* PokerDeck.m */,
			);
			path = Model;
			sourceTree = "<group>";
		};
/* End PBXGroup section */

/* Begin PBXNativeTarget section */
		F0FA0A611D01F29B006489A9 /* GVTraining02 */ = {
			isa = PBXNativeTarget;
			buildConfigurationList = F0FA0A791D01F29B006489A9 /* Build configuration list for PBXNativeTarget "GVTraining02" */;
			buildPhases = (
				F0FA0A5E1D01F29B006489A9 /* Sources */,
				F0FA0A5F1D01F29B006489A9 /* Frameworks */,
				F0FA0A601D01F29B006489A9 /* Resources */,
			);
			buildRules = (
			);
			dependencies = (
			);
			name = GVTraining02;
			productName = GVTraining02;
			productReference = F0FA0A621D01F29B006489A9 /* GVTraining02.app */;
			productType = "com.apple.product-type.application";
		};
/* End PBXNativeTarget section */

/* Begin PBXProject section */
		F0FA0A5A1D01F29A006489A9 /* Project object */ = {
			isa = PBXProject;
			attributes = {
				LastUpgradeCheck = 0730;
				ORGANIZATIONNAME = "Guichê Virtual";
				TargetAttributes = {
					F0FA0A611D01F29B006489A9 = {
						CreatedOnToolsVersion = 7.3.1;
					};
				};
			};
			buildConfigurationList = F0FA0A5D1D01F29A006489A9 /* Build configuration list for PBXProject "GVTraining02" */;
			compatibilityVersion = "Xcode 3.2";
			developmentRegion = English;
			hasScannedForEncodings = 0;
			knownRegions = (
				en,
				Base,
			);
			mainGroup = F0FA0A591D01F29A006489A9;
			productRefGroup = F0FA0A631D01F29B006489A9 /* Products */;
			projectDirPath = "";
			projectRoot = "";
			targets = (
				F0FA0A611D01F29B006489A9 /* GVTraining02 */,
			);
		};
/* End PBXProject section */

/* Begin PBXResourcesBuildPhase section */
		F0FA0A601D01F29B006489A9 /* Resources */ = {
			isa = PBXResourcesBuildPhase;
			buildActionMask = 2147483647;
			files = (
				F0FA0A751D01F29B006489A9 /* LaunchScreen.storyboard in Resources */,
				F0FA0A721D01F29B006489A9 /* Assets.xcassets in Resources */,
				F0FA0A701D01F29B006489A9 /* Main.storyboard in Resources */,
			);
			runOnlyForDeploymentPostprocessing = 0;
		};
/* End PBXResourcesBuildPhase section */

/* Begin PBXSourcesBuildPhase section */
		F0FA0A5E1D01F29B006489A9 /* Sources */ = {
			isa = PBXSourcesBuildPhase;
			buildActionMask = 2147483647;
			files = (
				F0FA0A881D0206B5006489A9 /* Deck.m in Sources */,
				F0FA0A8B1D0208EC006489A9 /* PokerCard.m in Sources */,
				F0FA0A7E1D01F73D006489A9 /* CardGameVC.m in Sources */,
				F0FA0A8E1D020CB8006489A9 /* PokerDeck.m in Sources */,
				F0FA0A6A1D01F29B006489A9 /* AppDelegate.m in Sources */,
				F0FA0A671D01F29B006489A9 /* main.m in Sources */,
				F0FA0A851D020313006489A9 /* Card.m in Sources */,
			);
			runOnlyForDeploymentPostprocessing = 0;
		};
/* End PBXSourcesBuildPhase section */

/* Begin PBXVariantGroup section */
		F0FA0A6E1D01F29B006489A9 /* Main.storyboard */ = {
			isa = PBXVariantGroup;
			children = (
				F0FA0A6F1D01F29B006489A9 /* Base */,
			);
			name = Main.storyboard;
			sourceTree = "<group>";
		};
		F0FA0A731D01F29B006489A9 /* LaunchScreen.storyboard */ = {
			isa = PBXVariantGroup;
			children = (
				F0FA0A741D01F29B006489A9 /* Base */,
			);
			name = LaunchScreen.storyboard;
			sourceTree = "<group>";
		};
/* End PBXVariantGroup section */

/* Begin XCBuildConfiguration section */
		F0FA0A771D01F29B006489A9 /* Debug */ = {
			isa = XCBuildConfiguration;
			buildSettings = {
				ALWAYS_SEARCH_USER_PATHS = NO;
				CLANG_ANALYZER_NONNULL = YES;
				CLANG_CXX_LANGUAGE_STANDARD = "gnu++0x";
				CLANG_CXX_LIBRARY = "libc++";
				CLANG_ENABLE_MODULES = YES;
				CLANG_ENABLE_OBJC_ARC = YES;
				CLANG_WARN_BOOL_CONVERSION = YES;
				CLANG_WARN_CONSTANT_CONVERSION = YES;
				CLANG_WARN_DIRECT_OBJC_ISA_USAGE = YES_ERROR;
				CLANG_WARN_EMPTY_BODY = YES;
				CLANG_WARN_ENUM_CONVERSION = YES;
				CLANG_WARN_INT_CONVERSION = YES;
				CLANG_WARN_OBJC_ROOT_CLASS = YES_ERROR;
				CLANG_WARN_UNREACHABLE_CODE = YES;
				CLANG_WARN__DUPLICATE_METHOD_MATCH = YES;
				"CODE_SIGN_IDENTITY[sdk=iphoneos*]" = "iPhone Developer";
				COPY_PHASE_STRIP = NO;
				DEBUG_INFORMATION_FORMAT = dwarf;
				ENABLE_STRICT_OBJC_MSGSEND = YES;
				ENABLE_TESTABILITY = YES;
				GCC_C_LANGUAGE_STANDARD = gnu99;
				GCC_DYNAMIC_NO_PIC = NO;
				GCC_NO_COMMON_BLOCKS = YES;
				GCC_OPTIMIZATION_LEVEL = 0;
				GCC_PREPROCESSOR_DEFINITIONS = (
					"DEBUG=1",
					"$(inherited)",
				);
				GCC_WARN_64_TO_32_BIT_CONVERSION = YES;
				GCC_WARN_ABOUT_RETURN_TYPE = YES_ERROR;
				GCC_WARN_UNDECLARED_SELECTOR = YES;
				GCC_WARN_UNINITIALIZED_AUTOS = YES_AGGRESSIVE;
				GCC_WARN_UNUSED_FUNCTION = YES;
				GCC_WARN_UNUSED_VARIABLE = YES;
				IPHONEOS_DEPLOYMENT_TARGET = 9.3;
				MTL_ENABLE_DEBUG_INFO = YES;
				ONLY_ACTIVE_ARCH = YES;
				SDKROOT = iphoneos;
			};
			name = Debug;
		};
		F0FA0A781D01F29B006489A9 /* Release */ = {
			isa = XCBuildConfiguration;
			buildSettings = {
				ALWAYS_SEARCH_USER_PATHS = NO;
				CLANG_ANALYZER_NONNULL = YES;
				CLANG_CXX_LANGUAGE_STANDARD = "gnu++0x";
				CLANG_CXX_LIBRARY = "libc++";
				CLANG_ENABLE_MODULES = YES;
				CLANG_ENABLE_OBJC_ARC = YES;
				CLANG_WARN_BOOL_CONVERSION = YES;
				CLANG_WARN_CONSTANT_CONVERSION = YES;
				CLANG_WARN_DIRECT_OBJC_ISA_USAGE = YES_ERROR;
				CLANG_WARN_EMPTY_BODY = YES;
				CLANG_WARN_ENUM_CONVERSION = YES;
				CLANG_WARN_INT_CONVERSION = YES;
				CLANG_WARN_OBJC_ROOT_CLASS = YES_ERROR;
				CLANG_WARN_UNREACHABLE_CODE = YES;
				CLANG_WARN__DUPLICATE_METHOD_MATCH = YES;
				"CODE_SIGN_IDENTITY[sdk=iphoneos*]" = "iPhone Developer";
				COPY_PHASE_STRIP = NO;
				DEBUG_INFORMATION_FORMAT = "dwarf-with-dsym";
				ENABLE_NS_ASSERTIONS = NO;
				ENABLE_STRICT_OBJC_MSGSEND = YES;
				GCC_C_LANGUAGE_STANDARD = gnu99;
				GCC_NO_COMMON_BLOCKS = YES;
				GCC_WARN_64_TO_32_BIT_CONVERSION = YES;
				GCC_WARN_ABOUT_RETURN_TYPE = YES_ERROR;
				GCC_WARN_UNDECLARED_SELECTOR = YES;
				GCC_WARN_UNINITIALIZED_AUTOS = YES_AGGRESSIVE;
				GCC_WARN_UNUSED_FUNCTION = YES;
				GCC_WARN_UNUSED_VARIABLE = YES;
				IPHONEOS_DEPLOYMENT_TARGET = 9.3;
				MTL_ENABLE_DEBUG_INFO = NO;
				SDKROOT = iphoneos;
				VALIDATE_PRODUCT = YES;
			};
			name = Release;
		};
		F0FA0A7A1D01F29B006489A9 /* Debug */ = {
			isa = XCBuildConfiguration;
			buildSettings = {
				ASSETCATALOG_COMPILER_APPICON_NAME = AppIcon;
				INFOPLIST_FILE = GVTraining02/Info.plist;
				LD_RUNPATH_SEARCH_PATHS = "$(inherited) @executable_path/Frameworks";
				PRODUCT_BUNDLE_IDENTIFIER = com.guichevirtual.GVTraining02;
				PRODUCT_NAME = "$(TARGET_NAME)";
			};
			name = Debug;
		};
		F0FA0A7B1D01F29B006489A9 /* Release */ = {
			isa = XCBuildConfiguration;
			buildSettings = {
				ASSETCATALOG_COMPILER_APPICON_NAME = AppIcon;
				INFOPLIST_FILE = GVTraining02/Info.plist;
				LD_RUNPATH_SEARCH_PATHS = "$(inherited) @executable_path/Frameworks";
				PRODUCT_BUNDLE_IDENTIFIER = com.guichevirtual.GVTraining02;
				PRODUCT_NAME = "$(TARGET_NAME)";
			};
			name = Release;
		};
/* End XCBuildConfiguration section */

/* Begin XCConfigurationList section */
		F0FA0A5D1D01F29A006489A9 /* Build configuration list for PBXProject "GVTraining02" */ = {
			isa = XCConfigurationList;
			buildConfigurations = (
				F0FA0A771D01F29B006489A9 /* Debug */,
				F0FA0A781D01F29B006489A9 /* Release */,
			);
			defaultConfigurationIsVisible = 0;
			defaultConfigurationName = Release;
		};
		F0FA0A791D01F29B006489A9 /* Build configuration list for PBXNativeTarget "GVTraining02" */ = {
			isa = XCConfigurationList;
			buildConfigurations = (
				F0FA0A7A1D01F29B006489A9 /* Debug */,
				F0FA0A7B1D01F29B006489A9 /* Release */,
			);
			defaultConfigurationIsVisible = 0;
		};
/* End XCConfigurationList section */
	};
	rootObject = F0FA0A5A1D01F29A006489A9 /* Project object */;
}
